
Microsoft Visual Studio Solution File, Format Version 12.00
Project("{FAE04EC0-301F-11D3-BF4B-00C04F79EFBC}") = "Endless Dungeon", "Endless Dungeon\Endless Dungeon.csproj", "{AD5991D1-7666-4FC7-A752-60786B1AAB5B}"
EndProject
Global
	GlobalSection(SolutionConfigurationPlatforms) = preSolution
		Debug|Any CPU = Debug|Any CPU
		Release|Any CPU = Release|Any CPU
	EndGlobalSection
	GlobalSection(ProjectConfigurationPlatforms) = postSolution
		{AD5991D1-7666-4FC7-A752-60786B1AAB5B}.Debug|Any CPU.ActiveCfg = Debug|Any CPU
		{AD5991D1-7666-4FC7-A752-60786B1AAB5B}.Debug|Any CPU.Build.0 = Debug|Any CPU
		{AD5991D1-7666-4FC7-A752-60786B1AAB5B}.Release|Any CPU.ActiveCfg = Release|Any CPU
		{AD5991D1-7666-4FC7-A752-60786B1AAB5B}.Release|Any CPU.Build.0 = Release|Any CPU
	EndGlobalSection
EndGlobal
